# @generated - this file is auto-generated by `mise lock` https://mise.jdx.dev/dev-tools/mise-lock.html

lockfile_version = 3

[[tools."github:yshalsager/sqlite-tokenizer-ar"]]
version = "0.1.13"
backend = "github:yshalsager/sqlite-tokenizer-ar"
specifiers = ["0.1.13"]

[tools."github:yshalsager/sqlite-tokenizer-ar".options]
asset_pattern = "sqlite-tokenizer-ar-linux-x64.tar.gz"

[tools."github:yshalsager/sqlite-tokenizer-ar"."platforms.linux-x64"]
checksum = "sha256:521ff550863b8a8d4636a9c96b68a4445d497b897edc6b9d4fba679acf396705"
url = "https://github.com/yshalsager/sqlite-tokenizer-ar/releases/download/v0.1.13/sqlite-tokenizer-ar-linux-x64.tar.gz"
url_api = "https://api.github.com/repos/yshalsager/sqlite-tokenizer-ar/releases/assets/535397895"
